github.com/tencentcloud/tencentcloud-sdk-go v3.0.233+incompatible h1:q+D/Y9jla3afgsIihtyhwyl0c2W+eRWNM9ohVwPiiPw=
github.com/tencentcloud/tencentcloud-sdk-go v3.0.233+incompatible/go.mod h1:0PfYow01SHPMhKY31xa+EFz2RStxIqj6JFAJS+IkCi4=
github.com/tencentyun/scf-go-lib v0.0.0-20200624065115-ba679e2ec9c9 h1:JdeXp/XPi7lBmpQNSUxElMAvwppMlFSiamTtXYRFuUc=
github.com/tencentyun/scf-go-lib v0.0.0-20200624065115-ba679e2ec9c9/go.mod h1:K3DbqPpP2WE/9MWokWWzgFZcbgtMb9Wd5CYk9AAbEN8=
github.com/tidwall/gjson v1.6.8 h1:CTmXMClGYPAmln7652e69B7OLXfTi5ABcPPwjIWUv7w=
github.com/tidwall/gjson v1.6.8/go.mod h1:zeFuBCIqD4sN/gmqBzZ4j7Jd6UcA2Fc56x7QFsv+8fI=
github.com/tidwall/match v1.0.3 h1:FQUVvBImDutD8wJLN6c5eMzWtjgONK9MwIBCOrUJKeE=
github.com/tidwall/match v1.0.3/go.mod h1:eRSPERbgtNPcGhD8UCthc6PmLEQXEWd3PRB5JTxsfmM=
github.com/tidwall/pretty v1.0.2/go.mod h1:XNkn88O1ChpSDQmQeStsy+sBenx6DDtFZJxhVysOjyk=
github.com/tidwall/pretty v1.0.5 h1:RlE8xFRj9RrbHWXXNGa4MymvI1Ovlm70omjXQ1sWgFU=
github.com/tidwall/pretty v1.0.5/go.mod h1:XNkn88O1ChpSDQmQeStsy+sBenx6DDtFZJxhVysOjyk=
