github.com/tencentcloud/tencentcloud-sdk-go v3.0.220+incompatible h1:+kMXTFuD9+q1EVUX8k6Lm0jkAR4lVAEdDeqoP3vH4jg=
github.com/tencentcloud/tencentcloud-sdk-go v3.0.220+incompatible/go.mod h1:0PfYow01SHPMhKY31xa+EFz2RStxIqj6JFAJS+IkCi4=
github.com/tencentcloud/tencentcloud-sdk-go v3.0.223+incompatible h1:HdZB36289LxKr2ofngQQqwtreNOUZPMLdi0v6rjRROY=
github.com/tencentcloud/tencentcloud-sdk-go v3.0.223+incompatible/go.mod h1:0PfYow01SHPMhKY31xa+EFz2RStxIqj6JFAJS+IkCi4=
github.com/tencentcloud/tencentcloud-sdk-go v3.0.233+incompatible h1:q+D/Y9jla3afgsIihtyhwyl0c2W+eRWNM9ohVwPiiPw=
github.com/tencentcloud/tencentcloud-sdk-go v3.0.233+incompatible/go.mod h1:0PfYow01SHPMhKY31xa+EFz2RStxIqj6JFAJS+IkCi4=
github.com/tencentyun/scf-go-lib v0.0.0-20200624065115-ba679e2ec9c9 h1:JdeXp/XPi7lBmpQNSUxElMAvwppMlFSiamTtXYRFuUc=
github.com/tencentyun/scf-go-lib v0.0.0-20200624065115-ba679e2ec9c9/go.mod h1:K3DbqPpP2WE/9MWokWWzgFZcbgtMb9Wd5CYk9AAbEN8=
github.com/tidwall/gjson v1.6.0 h1:9VEQWz6LLMUsUl6PueE49ir4Ka6CzLymOAZDxpFsTDc=
github.com/tidwall/gjson v1.6.0/go.mod h1:P256ACg0Mn+j1RXIDXoss50DeIABTYK1PULOJHhxOls=
github.com/tidwall/match v1.0.1 h1:PnKP62LPNxHKTwvHHZZzdOAOCtsJTjo6dZLCwpKm5xc=
github.com/tidwall/match v1.0.1/go.mod h1:LujAq0jyVjBy028G1WhWfIzbpQfMO8bBZ6Tyb0+pL9E=
github.com/tidwall/pretty v1.0.0 h1:HsD+QiTn7sK6flMKIvNmpqz1qrpP3Ps6jOKIKMooyg4=
github.com/tidwall/pretty v1.0.0/go.mod h1:XNkn88O1ChpSDQmQeStsy+sBenx6DDtFZJxhVysOjyk=
